<?xml version="1.0" encoding="utf-8"?>
<Project ToolsVersion="4.0" xmlns="http://schemas.microsoft.com/developer/msbuild/2003">
  <ItemGroup>
    <Filter Include="Source Files">
      <UniqueIdentifier>{4FC737F1-C7A5-4376-A066-2A32D752A2FF}</UniqueIdentifier>
      <Extensions>cpp;c;cc;cxx;c++;cppm;ixx;def;odl;idl;hpj;bat;asm;asmx</Extensions>
    </Filter>
    <Filter Include="Header Files">
      <UniqueIdentifier>{93995380-89BD-4b04-88EB-625FBE52EBFB}</UniqueIdentifier>
      <Extensions>h;hh;hpp;hxx;h++;hm;inl;inc;ipp;xsd</Extensions>
    </Filter>
    <Filter Include="Resource Files">
      <UniqueIdentifier>{67DA6AB6-F800-4c08-8B7A-83BB121AAD01}</UniqueIdentifier>
      <Extensions>rc;ico;cur;bmp;dlg;rc2;rct;bin;rgs;gif;jpg;jpeg;jpe;resx;tiff;tif;png;wav;mfcribbon-ms</Extensions>
    </Filter>
  </ItemGroup>
  <ItemGroup>
    <ClInclude Include="framework.h">
      <Filter>Header Files</Filter>
    </ClInclude>
    <ClInclude Include="pch.h">
      <Filter>Header Files</Filter>
    </ClInclude>
    <ClInclude Include="Include\AirSimClient\AirSimClient.h">
      <Filter>Header Files</Filter>
    </ClInclude>
    <ClInclude Include="Include\AirSimClient\Log.h">
      <Filter>Header Files</Filter>
    </ClInclude>
    <ClInclude Include="Include\AirSimClient\Status.h">
      <Filter>Header Files</Filter>
    </ClInclude>
    <ClInclude Include="Include\AirSimClient\ASCDecl.h">
      <Filter>Header Files</Filter>
    </ClInclude>
    <ClInclude Include="src\Utils.h">
      <Filter>Header Files</Filter>
    </ClInclude>
    <ClInclude Include="Include\AirSimClient\Client.h">
      <Filter>Header Files</Filter>
    </ClInclude>
    <ClInclude Include="resource.h">
      <Filter>Header Files</Filter>
    </ClInclude>
    <ClInclude Include="src\Topics.h">
      <Filter>Source Files</Filter>
    </ClInclude>
    <ClInclude Include="src\ICommChannel.h">
      <Filter>Source Files</Filter>
    </ClInclude>
    <ClInclude Include="Include\AirSimClient\Message.h">
      <Filter>Header Files</Filter>
    </ClInclude>
    <ClInclude Include="src\IMessageBuffer.h">
      <Filter>Source Files</Filter>
    </ClInclude>
    <ClInclude Include="Include\AirSimClient\World.h">
      <Filter>Header Files</Filter>
    </ClInclude>
    <ClInclude Include="Include\AirSimClient\Common.h">
      <Filter>Header Files</Filter>
    </ClInclude>
    <ClInclude Include="Include\AirSimClient\Drone.h">
      <Filter>Header Files</Filter>
    </ClInclude>
    <ClInclude Include="Include\AirSimClient\IRefCounted.h">
      <Filter>Header Files</Filter>
    </ClInclude>
    <ClInclude Include="Include\AirSimClient\Types.h">
      <Filter>Header Files</Filter>
    </ClInclude>
    <ClInclude Include="src\JSONUtils.h">
      <Filter>Header Files</Filter>
    </ClInclude>
    <ClInclude Include="src\AsyncResultInternal.h">
      <Filter>Source Files</Filter>
    </ClInclude>
    <ClInclude Include="Include\AirSimClient\AsyncResult.h">
      <Filter>Header Files</Filter>
    </ClInclude>
    <ClInclude Include="src\RefCounted.h">
      <Filter>Header Files</Filter>
    </ClInclude>
  </ItemGroup>
  <ItemGroup>
    <ClCompile Include="dllmain.cpp">
      <Filter>Source Files</Filter>
    </ClCompile>
    <ClCompile Include="pch.cpp">
      <Filter>Source Files</Filter>
    </ClCompile>
    <ClCompile Include="src\AirSimClient.cpp">
      <Filter>Source Files</Filter>
    </ClCompile>
    <ClCompile Include="src\Log.cpp">
      <Filter>Source Files</Filter>
    </ClCompile>
    <ClCompile Include="src\Status.cpp">
      <Filter>Source Files</Filter>
    </ClCompile>
    <ClCompile Include="src\Utils.cpp">
      <Filter>Source Files</Filter>
    </ClCompile>
    <ClCompile Include="src\Client.cpp">
      <Filter>Source Files</Filter>
    </ClCompile>
    <ClCompile Include="src\Topics.cpp">
      <Filter>Source Files</Filter>
    </ClCompile>
    <ClCompile Include="src\ICommChannel.cpp">
      <Filter>Source Files</Filter>
    </ClCompile>
    <ClCompile Include="src\Message.cpp">
      <Filter>Source Files</Filter>
    </ClCompile>
    <ClCompile Include="src\World.cpp">
      <Filter>Source Files</Filter>
    </ClCompile>
    <ClCompile Include="src\airsim_proxies\math_utils.cpp">
      <Filter>Source Files</Filter>
    </ClCompile>
    <ClCompile Include="src\Drone.cpp">
      <Filter>Source Files</Filter>
    </ClCompile>
    <ClCompile Include="src\Types.cpp">
      <Filter>Source Files</Filter>
    </ClCompile>
    <ClCompile Include="src\AsyncResult.cpp">
      <Filter>Source Files</Filter>
    </ClCompile>
    <ClCompile Include="src\AsyncResultInternal.cpp">
      <Filter>Source Files</Filter>
    </ClCompile>
    <ClCompile Include="src\RefCounted.cpp">
      <Filter>Source Files</Filter>
    </ClCompile>
  </ItemGroup>
  <ItemGroup>
    <ResourceCompile Include="AirSimClient.rc">
      <Filter>Resource Files</Filter>
    </ResourceCompile>
  </ItemGroup>
</Project>